
Microsoft Visual Studio Solution File, Format Version 12.00
# Visual Studio Version 17
VisualStudioVersion = 17.8.34525.116
MinimumVisualStudioVersion = 10.0.40219.1
Project("{FAE04EC0-301F-11D3-BF4B-00C04F79EFBC}") = "UsuariosApp.API", "UsuariosApp.API\UsuariosApp.API.csproj", "{5F7B5DBA-45FD-40CA-BDCC-79B0A520FA42}"
EndProject
Project("{FAE04EC0-301F-11D3-BF4B-00C04F79EFBC}") = "UsuariosApp.Tests", "UsuariosApp.Tests\UsuariosApp.Tests.csproj", "{49FE8A77-00AA-4DEB-BB48-24DCFD08A028}"
EndProject
Global
	GlobalSection(SolutionConfigurationPlatforms) = preSolution
		Debug|Any CPU = Debug|Any CPU
		Release|Any CPU = Release|Any CPU
	EndGlobalSection
	GlobalSection(ProjectConfigurationPlatforms) = postSolution
		{5F7B5DBA-45FD-40CA-BDCC-79B0A520FA42}.Debug|Any CPU.ActiveCfg = Debug|Any CPU
		{5F7B5DBA-45FD-40CA-BDCC-79B0A520FA42}.Debug|Any CPU.Build.0 = Debug|Any CPU
		{5F7B5DBA-45FD-40CA-BDCC-79B0A520FA42}.Release|Any CPU.ActiveCfg = Release|Any CPU
		{5F7B5DBA-45FD-40CA-BDCC-79B0A520FA42}.Release|Any CPU.Build.0 = Release|Any CPU
		{49FE8A77-00AA-4DEB-BB48-24DCFD08A028}.Debug|Any CPU.ActiveCfg = Debug|Any CPU
		{49FE8A77-00AA-4DEB-BB48-24DCFD08A028}.Debug|Any CPU.Build.0 = Debug|Any CPU
		{49FE8A77-00AA-4DEB-BB48-24DCFD08A028}.Release|Any CPU.ActiveCfg = Release|Any CPU
		{49FE8A77-00AA-4DEB-BB48-24DCFD08A028}.Release|Any CPU.Build.0 = Release|Any CPU
	EndGlobalSection
	GlobalSection(SolutionProperties) = preSolution
		HideSolutionNode = FALSE
	EndGlobalSection
	GlobalSection(ExtensibilityGlobals) = postSolution
		SolutionGuid = {67F2F64B-3282-4446-B87F-9118E1A51516}
	EndGlobalSection
EndGlobal
